-
   name: temperature
   topic: stat/{name}
   retention: 604800 #7*24*60*60
   field: temperature
   type: float2
-
   name: humidity
   topic: stat/{name}
   retention: 604800 #7*24*60*60
   field: humidity
   type: float2
-
   name: ldr
   topic: stat/{name}
   retention: 604800 #7*24*60*60
   field: ldr
   type: int